
Microsoft Visual Studio Solution File, Format Version 12.00
# Visual Studio Version 16
VisualStudioVersion = 16.0.30804.86
MinimumVisualStudioVersion = 10.0.40219.1
Project("{FAE04EC0-301F-11D3-BF4B-00C04F79EFBC}") = "QRCode", "QRCode\QRCode.csproj", "{BC89DB50-5C71-428C-99B8-A12169B1FFDF}"
EndProject
Global
	GlobalSection(SolutionConfigurationPlatforms) = preSolution
		Debug|Any CPU = Debug|Any CPU
		Release|Any CPU = Release|Any CPU
	EndGlobalSection
	GlobalSection(ProjectConfigurationPlatforms) = postSolution
		{BC89DB50-5C71-428C-99B8-A12169B1FFDF}.Debug|Any CPU.ActiveCfg = Debug|Any CPU
		{BC89DB50-5C71-428C-99B8-A12169B1FFDF}.Debug|Any CPU.Build.0 = Debug|Any CPU
		{BC89DB50-5C71-428C-99B8-A12169B1FFDF}.Release|Any CPU.ActiveCfg = Release|Any CPU
		{BC89DB50-5C71-428C-99B8-A12169B1FFDF}.Release|Any CPU.Build.0 = Release|Any CPU
	EndGlobalSection
	GlobalSection(SolutionProperties) = preSolution
		HideSolutionNode = FALSE
	EndGlobalSection
	GlobalSection(ExtensibilityGlobals) = postSolution
		SolutionGuid = {936990CE-F74A-4754-BB33-B64CB743BD2E}
	EndGlobalSection
EndGlobal
